
Microsoft Visual Studio Solution File, Format Version 10.00
# Visual Studio 2008
Project("{8BC9CEB8-8B4A-11D0-8D11-00A0C91BC942}") = "NamedPipe", "NamedPipe\NamedPipe.vcproj", "{341C9EBC-13EE-44AB-877D-25861152F899}"
EndProject
Global
	GlobalSection(SolutionConfigurationPlatforms) = preSolution
		Debug|Win32 = Debug|Win32
		Release|Win32 = Release|Win32
	EndGlobalSection
	GlobalSection(ProjectConfigurationPlatforms) = postSolution
		{341C9EBC-13EE-44AB-877D-25861152F899}.Debug|Win32.ActiveCfg = Debug|Win32
		{341C9EBC-13EE-44AB-877D-25861152F899}.Debug|Win32.Build.0 = Debug|Win32
		{341C9EBC-13EE-44AB-877D-25861152F899}.Release|Win32.ActiveCfg = Release|Win32
		{341C9EBC-13EE-44AB-877D-25861152F899}.Release|Win32.Build.0 = Release|Win32
	EndGlobalSection
	GlobalSection(SolutionProperties) = preSolution
		HideSolutionNode = FALSE
	EndGlobalSection
EndGlobal
