
Microsoft Visual Studio Solution File, Format Version 10.00
# Visual Studio 2008
Project("{8BC9CEB8-8B4A-11D0-8D11-00A0C91BC942}") = "TCP_SERVER", "TCP_SERVER\TCP_SERVER.vcproj", "{6B60B10A-E1D2-47CD-A2DB-0477F219B183}"
EndProject
Global
	GlobalSection(SolutionConfigurationPlatforms) = preSolution
		Debug|Win32 = Debug|Win32
		Release|Win32 = Release|Win32
	EndGlobalSection
	GlobalSection(ProjectConfigurationPlatforms) = postSolution
		{6B60B10A-E1D2-47CD-A2DB-0477F219B183}.Debug|Win32.ActiveCfg = Debug|Win32
		{6B60B10A-E1D2-47CD-A2DB-0477F219B183}.Debug|Win32.Build.0 = Debug|Win32
		{6B60B10A-E1D2-47CD-A2DB-0477F219B183}.Release|Win32.ActiveCfg = Release|Win32
		{6B60B10A-E1D2-47CD-A2DB-0477F219B183}.Release|Win32.Build.0 = Release|Win32
	EndGlobalSection
	GlobalSection(SolutionProperties) = preSolution
		HideSolutionNode = FALSE
	EndGlobalSection
EndGlobal
