
Microsoft Visual Studio Solution File, Format Version 10.00
# Visual Studio 2008
Project("{8BC9CEB8-8B4A-11D0-8D11-00A0C91BC942}") = "DLL_Make", "DLL_Make\DLL_Make.vcproj", "{EF9DA440-B4FA-4FC4-BF1A-FD6235B3A176}"
EndProject
Global
	GlobalSection(SolutionConfigurationPlatforms) = preSolution
		Debug|Win32 = Debug|Win32
		Release|Win32 = Release|Win32
	EndGlobalSection
	GlobalSection(ProjectConfigurationPlatforms) = postSolution
		{EF9DA440-B4FA-4FC4-BF1A-FD6235B3A176}.Debug|Win32.ActiveCfg = Debug|Win32
		{EF9DA440-B4FA-4FC4-BF1A-FD6235B3A176}.Debug|Win32.Build.0 = Debug|Win32
		{EF9DA440-B4FA-4FC4-BF1A-FD6235B3A176}.Release|Win32.ActiveCfg = Release|Win32
		{EF9DA440-B4FA-4FC4-BF1A-FD6235B3A176}.Release|Win32.Build.0 = Release|Win32
	EndGlobalSection
	GlobalSection(SolutionProperties) = preSolution
		HideSolutionNode = FALSE
	EndGlobalSection
EndGlobal
